
Microsoft Visual Studio Solution File, Format Version 10.00
# Visual Studio 2008
Project("{FAE04EC0-301F-11D3-BF4B-00C04F79EFBC}") = "WATERMIS", "WATERMIS\WATERMIS.csproj", "{016CB7E3-4024-4F5F-AFE8-A34F7D039AA8}"
EndProject
Project("{FAE04EC0-301F-11D3-BF4B-00C04F79EFBC}") = "AppManage", "AppManage\AppManage.csproj", "{70D75430-E784-4382-A48E-AE35B9F19FB1}"
EndProject
Project("{FAE04EC0-301F-11D3-BF4B-00C04F79EFBC}") = "ApproveCenter", "ApproveCenter\ApproveCenter.csproj", "{0A96EC47-6153-4C75-A272-B4DFD1F04F3C}"
EndProject
Project("{FAE04EC0-301F-11D3-BF4B-00C04F79EFBC}") = "UPLOAD", "AUTOUPDATE\UPLOAD.csproj", "{75F458C1-0C78-45A8-9448-FDC471217C37}"
EndProject
Project("{FAE04EC0-301F-11D3-BF4B-00C04F79EFBC}") = "BASEFUNCTION", "BASEFUNCTION\BASEFUNCTION.csproj", "{ACBD9B62-1323-4264-A4D6-B600705D9228}"
EndProject
Project("{FAE04EC0-301F-11D3-BF4B-00C04F79EFBC}") = "BASEMANAGE", "BASEMANAGE\BASEMANAGE.csproj", "{471368F3-06F3-42B1-B851-B19EF964B493}"
EndProject
Project("{FAE04EC0-301F-11D3-BF4B-00C04F79EFBC}") = "BLL", "BLL\BLL.csproj", "{1A522A59-6899-4106-88C9-A6E9D50DC363}"
EndProject
Project("{FAE04EC0-301F-11D3-BF4B-00C04F79EFBC}") = "Common", "Common\Common.csproj", "{F1DAC157-5CF0-4ABE-AB30-E1B0EADA5354}"
EndProject
Project("{FAE04EC0-301F-11D3-BF4B-00C04F79EFBC}") = "Common_UserControls", "Common_UserControls\Common_UserControls.csproj", "{02B05F8E-7B67-467A-AB25-D311CB6F8B7B}"
EndProject
Project("{FAE04EC0-301F-11D3-BF4B-00C04F79EFBC}") = "DBinterface", "DBinterface\DBinterface.csproj", "{1D1E2E75-6B84-446F-A446-0D7BE7A3502D}"
EndProject
Project("{FAE04EC0-301F-11D3-BF4B-00C04F79EFBC}") = "DBUtility", "DBUtility\DBUtility.csproj", "{80D145CD-0A7C-49FB-BEF5-45DC8D5892A1}"
EndProject
Project("{FAE04EC0-301F-11D3-BF4B-00C04F79EFBC}") = "DOWNLOAD", "DOWNLOAD\DOWNLOAD.csproj", "{10CB4A87-E988-4A24-978B-B01D01998A1E}"
EndProject
Project("{FAE04EC0-301F-11D3-BF4B-00C04F79EFBC}") = "INVOICEMANAGE", "INVOICEMANAGE\INVOICEMANAGE.csproj", "{67D14BB8-E68C-4C9F-BF99-02215AAF7385}"
EndProject
Project("{FAE04EC0-301F-11D3-BF4B-00C04F79EFBC}") = "MeterBusiness", "MeterBusiness\MeterBusiness.csproj", "{5C49C081-CEED-41BE-9230-1ED058E2D5EF}"
EndProject
Project("{FAE04EC0-301F-11D3-BF4B-00C04F79EFBC}") = "MeterInstall", "MeterInstall\MeterInstall.csproj", "{8EC524FB-6478-4E22-AEE8-62D95CBDEFD8}"
EndProject
Project("{FAE04EC0-301F-11D3-BF4B-00C04F79EFBC}") = "METERREADINGMACHINE", "METERREADINGMACHINE\METERREADINGMACHINE.csproj", "{800B62BF-C3B6-40BA-BF97-48A7EE3CBDBE}"
EndProject
Project("{FAE04EC0-301F-11D3-BF4B-00C04F79EFBC}") = "MODEL", "MODEL\MODEL.csproj", "{714F4432-3D0F-4FEA-B6E8-B2A110427451}"
EndProject
Project("{FAE04EC0-301F-11D3-BF4B-00C04F79EFBC}") = "PersonalWork", "PersonalWork\PersonalWork.csproj", "{806ADAB7-BC8D-4AB2-8B79-CE0B1EEF0A21}"
EndProject
Project("{FAE04EC0-301F-11D3-BF4B-00C04F79EFBC}") = "STATISTIALREPORTS", "STATISTIALREPORTS\STATISTIALREPORTS.csproj", "{E853B284-A79B-443F-91C6-7FA57D66F62C}"
EndProject
Project("{FAE04EC0-301F-11D3-BF4B-00C04F79EFBC}") = "SysControl", "SysControl\SysControl.csproj", "{10BDADD7-D8EA-4D19-AD9D-A7678BBB5CD8}"
EndProject
Project("{FAE04EC0-301F-11D3-BF4B-00C04F79EFBC}") = "SYSMANAGE", "SYSMANAGE\SYSMANAGE.csproj", "{B7BA0891-D072-4257-964E-88EB62B87A0C}"
EndProject
Project("{FAE04EC0-301F-11D3-BF4B-00C04F79EFBC}") = "WaterBusiness", "WaterBusiness\WaterBusiness.csproj", "{9E3D1DD3-FDDC-4D1E-8178-9AD87B8E9093}"
EndProject
Project("{FAE04EC0-301F-11D3-BF4B-00C04F79EFBC}") = "WATERFEEMANAGE", "WATERFEEMANAGE\WATERFEEMANAGE.csproj", "{629B66AB-079D-4AF2-B2E7-F8730130FF42}"
EndProject
Project("{FAE04EC0-301F-11D3-BF4B-00C04F79EFBC}") = "WATERUSERMETERMANAGE", "WATERUSERMETERMANAGE\WATERUSERMETERMANAGE.csproj", "{DC8CD7DA-6651-47A0-B5DC-DB180497DBEF}"
EndProject
Project("{FAE04EC0-301F-11D3-BF4B-00C04F79EFBC}") = "WorkFlow", "WorkFlow\WorkFlow.csproj", "{DEC37DCD-4051-44E9-B09E-69A3A34EB5DB}"
EndProject
Project("{FAE04EC0-301F-11D3-BF4B-00C04F79EFBC}") = "FinanceOS", "FinanceOS\FinanceOS.csproj", "{7EF5B386-B2D4-40C3-AD3A-CEDEC81B0076}"
EndProject
Global
	GlobalSection(SolutionConfigurationPlatforms) = preSolution
		Debug|Any CPU = Debug|Any CPU
		Debug|x86 = Debug|x86
		Release|Any CPU = Release|Any CPU
		Release|x86 = Release|x86
	EndGlobalSection
	GlobalSection(ProjectConfigurationPlatforms) = postSolution
		{016CB7E3-4024-4F5F-AFE8-A34F7D039AA8}.Debug|Any CPU.ActiveCfg = Debug|Any CPU
		{016CB7E3-4024-4F5F-AFE8-A34F7D039AA8}.Debug|Any CPU.Build.0 = Debug|Any CPU
		{016CB7E3-4024-4F5F-AFE8-A34F7D039AA8}.Debug|x86.ActiveCfg = Debug|x86
		{016CB7E3-4024-4F5F-AFE8-A34F7D039AA8}.Debug|x86.Build.0 = Debug|x86
		{016CB7E3-4024-4F5F-AFE8-A34F7D039AA8}.Release|Any CPU.ActiveCfg = Release|Any CPU
		{016CB7E3-4024-4F5F-AFE8-A34F7D039AA8}.Release|Any CPU.Build.0 = Release|Any CPU
		{016CB7E3-4024-4F5F-AFE8-A34F7D039AA8}.Release|x86.ActiveCfg = Release|x86
		{016CB7E3-4024-4F5F-AFE8-A34F7D039AA8}.Release|x86.Build.0 = Release|x86
		{70D75430-E784-4382-A48E-AE35B9F19FB1}.Debug|Any CPU.ActiveCfg = Debug|Any CPU
		{70D75430-E784-4382-A48E-AE35B9F19FB1}.Debug|Any CPU.Build.0 = Debug|Any CPU
		{70D75430-E784-4382-A48E-AE35B9F19FB1}.Debug|x86.ActiveCfg = Debug|x86
		{70D75430-E784-4382-A48E-AE35B9F19FB1}.Debug|x86.Build.0 = Debug|x86
		{70D75430-E784-4382-A48E-AE35B9F19FB1}.Release|Any CPU.ActiveCfg = Release|Any CPU
		{70D75430-E784-4382-A48E-AE35B9F19FB1}.Release|Any CPU.Build.0 = Release|Any CPU
		{70D75430-E784-4382-A48E-AE35B9F19FB1}.Release|x86.ActiveCfg = Release|x86
		{70D75430-E784-4382-A48E-AE35B9F19FB1}.Release|x86.Build.0 = Release|x86
		{0A96EC47-6153-4C75-A272-B4DFD1F04F3C}.Debug|Any CPU.ActiveCfg = Debug|Any CPU
		{0A96EC47-6153-4C75-A272-B4DFD1F04F3C}.Debug|Any CPU.Build.0 = Debug|Any CPU
		{0A96EC47-6153-4C75-A272-B4DFD1F04F3C}.Debug|x86.ActiveCfg = Debug|x86
		{0A96EC47-6153-4C75-A272-B4DFD1F04F3C}.Debug|x86.Build.0 = Debug|x86
		{0A96EC47-6153-4C75-A272-B4DFD1F04F3C}.Release|Any CPU.ActiveCfg = Release|Any CPU
		{0A96EC47-6153-4C75-A272-B4DFD1F04F3C}.Release|Any CPU.Build.0 = Release|Any CPU
		{0A96EC47-6153-4C75-A272-B4DFD1F04F3C}.Release|x86.ActiveCfg = Release|x86
		{0A96EC47-6153-4C75-A272-B4DFD1F04F3C}.Release|x86.Build.0 = Release|x86
		{75F458C1-0C78-45A8-9448-FDC471217C37}.Debug|Any CPU.ActiveCfg = Debug|Any CPU
		{75F458C1-0C78-45A8-9448-FDC471217C37}.Debug|Any CPU.Build.0 = Debug|Any CPU
		{75F458C1-0C78-45A8-9448-FDC471217C37}.Debug|x86.ActiveCfg = Debug|x86
		{75F458C1-0C78-45A8-9448-FDC471217C37}.Debug|x86.Build.0 = Debug|x86
		{75F458C1-0C78-45A8-9448-FDC471217C37}.Release|Any CPU.ActiveCfg = Release|Any CPU
		{75F458C1-0C78-45A8-9448-FDC471217C37}.Release|Any CPU.Build.0 = Release|Any CPU
		{75F458C1-0C78-45A8-9448-FDC471217C37}.Release|x86.ActiveCfg = Release|x86
		{75F458C1-0C78-45A8-9448-FDC471217C37}.Release|x86.Build.0 = Release|x86
		{ACBD9B62-1323-4264-A4D6-B600705D9228}.Debug|Any CPU.ActiveCfg = Debug|Any CPU
		{ACBD9B62-1323-4264-A4D6-B600705D9228}.Debug|Any CPU.Build.0 = Debug|Any CPU
		{ACBD9B62-1323-4264-A4D6-B600705D9228}.Debug|x86.ActiveCfg = Debug|x86
		{ACBD9B62-1323-4264-A4D6-B600705D9228}.Debug|x86.Build.0 = Debug|x86
		{ACBD9B62-1323-4264-A4D6-B600705D9228}.Release|Any CPU.ActiveCfg = Release|Any CPU
		{ACBD9B62-1323-4264-A4D6-B600705D9228}.Release|Any CPU.Build.0 = Release|Any CPU
		{ACBD9B62-1323-4264-A4D6-B600705D9228}.Release|x86.ActiveCfg = Release|x86
		{ACBD9B62-1323-4264-A4D6-B600705D9228}.Release|x86.Build.0 = Release|x86
		{471368F3-06F3-42B1-B851-B19EF964B493}.Debug|Any CPU.ActiveCfg = Debug|Any CPU
		{471368F3-06F3-42B1-B851-B19EF964B493}.Debug|Any CPU.Build.0 = Debug|Any CPU
		{471368F3-06F3-42B1-B851-B19EF964B493}.Debug|x86.ActiveCfg = Debug|x86
		{471368F3-06F3-42B1-B851-B19EF964B493}.Debug|x86.Build.0 = Debug|x86
		{471368F3-06F3-42B1-B851-B19EF964B493}.Release|Any CPU.ActiveCfg = Release|Any CPU
		{471368F3-06F3-42B1-B851-B19EF964B493}.Release|Any CPU.Build.0 = Release|Any CPU
		{471368F3-06F3-42B1-B851-B19EF964B493}.Release|x86.ActiveCfg = Release|x86
		{471368F3-06F3-42B1-B851-B19EF964B493}.Release|x86.Build.0 = Release|x86
		{1A522A59-6899-4106-88C9-A6E9D50DC363}.Debug|Any CPU.ActiveCfg = Debug|Any CPU
		{1A522A59-6899-4106-88C9-A6E9D50DC363}.Debug|Any CPU.Build.0 = Debug|Any CPU
		{1A522A59-6899-4106-88C9-A6E9D50DC363}.Debug|x86.ActiveCfg = Debug|x86
		{1A522A59-6899-4106-88C9-A6E9D50DC363}.Debug|x86.Build.0 = Debug|x86
		{1A522A59-6899-4106-88C9-A6E9D50DC363}.Release|Any CPU.ActiveCfg = Release|Any CPU
		{1A522A59-6899-4106-88C9-A6E9D50DC363}.Release|Any CPU.Build.0 = Release|Any CPU
		{1A522A59-6899-4106-88C9-A6E9D50DC363}.Release|x86.ActiveCfg = Release|x86
		{1A522A59-6899-4106-88C9-A6E9D50DC363}.Release|x86.Build.0 = Release|x86
		{F1DAC157-5CF0-4ABE-AB30-E1B0EADA5354}.Debug|Any CPU.ActiveCfg = Debug|Any CPU
		{F1DAC157-5CF0-4ABE-AB30-E1B0EADA5354}.Debug|Any CPU.Build.0 = Debug|Any CPU
		{F1DAC157-5CF0-4ABE-AB30-E1B0EADA5354}.Debug|x86.ActiveCfg = Debug|x86
		{F1DAC157-5CF0-4ABE-AB30-E1B0EADA5354}.Debug|x86.Build.0 = Debug|x86
		{F1DAC157-5CF0-4ABE-AB30-E1B0EADA5354}.Release|Any CPU.ActiveCfg = Release|Any CPU
		{F1DAC157-5CF0-4ABE-AB30-E1B0EADA5354}.Release|Any CPU.Build.0 = Release|Any CPU
		{F1DAC157-5CF0-4ABE-AB30-E1B0EADA5354}.Release|x86.ActiveCfg = Release|x86
		{F1DAC157-5CF0-4ABE-AB30-E1B0EADA5354}.Release|x86.Build.0 = Release|x86
		{02B05F8E-7B67-467A-AB25-D311CB6F8B7B}.Debug|Any CPU.ActiveCfg = Debug|Any CPU
		{02B05F8E-7B67-467A-AB25-D311CB6F8B7B}.Debug|Any CPU.Build.0 = Debug|Any CPU
		{02B05F8E-7B67-467A-AB25-D311CB6F8B7B}.Debug|x86.ActiveCfg = Debug|x86
		{02B05F8E-7B67-467A-AB25-D311CB6F8B7B}.Debug|x86.Build.0 = Debug|x86
		{02B05F8E-7B67-467A-AB25-D311CB6F8B7B}.Release|Any CPU.ActiveCfg = Release|Any CPU
		{02B05F8E-7B67-467A-AB25-D311CB6F8B7B}.Release|Any CPU.Build.0 = Release|Any CPU
		{02B05F8E-7B67-467A-AB25-D311CB6F8B7B}.Release|x86.ActiveCfg = Release|x86
		{02B05F8E-7B67-467A-AB25-D311CB6F8B7B}.Release|x86.Build.0 = Release|x86
		{1D1E2E75-6B84-446F-A446-0D7BE7A3502D}.Debug|Any CPU.ActiveCfg = Debug|Any CPU
		{1D1E2E75-6B84-446F-A446-0D7BE7A3502D}.Debug|Any CPU.Build.0 = Debug|Any CPU
		{1D1E2E75-6B84-446F-A446-0D7BE7A3502D}.Debug|x86.ActiveCfg = Debug|x86
		{1D1E2E75-6B84-446F-A446-0D7BE7A3502D}.Debug|x86.Build.0 = Debug|x86
		{1D1E2E75-6B84-446F-A446-0D7BE7A3502D}.Release|Any CPU.ActiveCfg = Release|Any CPU
		{1D1E2E75-6B84-446F-A446-0D7BE7A3502D}.Release|Any CPU.Build.0 = Release|Any CPU
		{1D1E2E75-6B84-446F-A446-0D7BE7A3502D}.Release|x86.ActiveCfg = Release|x86
		{1D1E2E75-6B84-446F-A446-0D7BE7A3502D}.Release|x86.Build.0 = Release|x86
		{80D145CD-0A7C-49FB-BEF5-45DC8D5892A1}.Debug|Any CPU.ActiveCfg = Debug|Any CPU
		{80D145CD-0A7C-49FB-BEF5-45DC8D5892A1}.Debug|Any CPU.Build.0 = Debug|Any CPU
		{80D145CD-0A7C-49FB-BEF5-45DC8D5892A1}.Debug|x86.ActiveCfg = Debug|x86
		{80D145CD-0A7C-49FB-BEF5-45DC8D5892A1}.Debug|x86.Build.0 = Debug|x86
		{80D145CD-0A7C-49FB-BEF5-45DC8D5892A1}.Release|Any CPU.ActiveCfg = Release|Any CPU
		{80D145CD-0A7C-49FB-BEF5-45DC8D5892A1}.Release|Any CPU.Build.0 = Release|Any CPU
		{80D145CD-0A7C-49FB-BEF5-45DC8D5892A1}.Release|x86.ActiveCfg = Release|x86
		{80D145CD-0A7C-49FB-BEF5-45DC8D5892A1}.Release|x86.Build.0 = Release|x86
		{10CB4A87-E988-4A24-978B-B01D01998A1E}.Debug|Any CPU.ActiveCfg = Debug|Any CPU
		{10CB4A87-E988-4A24-978B-B01D01998A1E}.Debug|Any CPU.Build.0 = Debug|Any CPU
		{10CB4A87-E988-4A24-978B-B01D01998A1E}.Debug|x86.ActiveCfg = Debug|x86
		{10CB4A87-E988-4A24-978B-B01D01998A1E}.Debug|x86.Build.0 = Debug|x86
		{10CB4A87-E988-4A24-978B-B01D01998A1E}.Release|Any CPU.ActiveCfg = Release|Any CPU
		{10CB4A87-E988-4A24-978B-B01D01998A1E}.Release|Any CPU.Build.0 = Release|Any CPU
		{10CB4A87-E988-4A24-978B-B01D01998A1E}.Release|x86.ActiveCfg = Release|x86
		{10CB4A87-E988-4A24-978B-B01D01998A1E}.Release|x86.Build.0 = Release|x86
		{67D14BB8-E68C-4C9F-BF99-02215AAF7385}.Debug|Any CPU.ActiveCfg = Debug|Any CPU
		{67D14BB8-E68C-4C9F-BF99-02215AAF7385}.Debug|Any CPU.Build.0 = Debug|Any CPU
		{67D14BB8-E68C-4C9F-BF99-02215AAF7385}.Debug|x86.ActiveCfg = Debug|x86
		{67D14BB8-E68C-4C9F-BF99-02215AAF7385}.Debug|x86.Build.0 = Debug|x86
		{67D14BB8-E68C-4C9F-BF99-02215AAF7385}.Release|Any CPU.ActiveCfg = Release|Any CPU
		{67D14BB8-E68C-4C9F-BF99-02215AAF7385}.Release|Any CPU.Build.0 = Release|Any CPU
		{67D14BB8-E68C-4C9F-BF99-02215AAF7385}.Release|x86.ActiveCfg = Release|x86
		{67D14BB8-E68C-4C9F-BF99-02215AAF7385}.Release|x86.Build.0 = Release|x86
		{5C49C081-CEED-41BE-9230-1ED058E2D5EF}.Debug|Any CPU.ActiveCfg = Debug|Any CPU
		{5C49C081-CEED-41BE-9230-1ED058E2D5EF}.Debug|Any CPU.Build.0 = Debug|Any CPU
		{5C49C081-CEED-41BE-9230-1ED058E2D5EF}.Debug|x86.ActiveCfg = Debug|x86
		{5C49C081-CEED-41BE-9230-1ED058E2D5EF}.Debug|x86.Build.0 = Debug|x86
		{5C49C081-CEED-41BE-9230-1ED058E2D5EF}.Release|Any CPU.ActiveCfg = Release|Any CPU
		{5C49C081-CEED-41BE-9230-1ED058E2D5EF}.Release|Any CPU.Build.0 = Release|Any CPU
		{5C49C081-CEED-41BE-9230-1ED058E2D5EF}.Release|x86.ActiveCfg = Release|x86
		{5C49C081-CEED-41BE-9230-1ED058E2D5EF}.Release|x86.Build.0 = Release|x86
		{8EC524FB-6478-4E22-AEE8-62D95CBDEFD8}.Debug|Any CPU.ActiveCfg = Debug|Any CPU
		{8EC524FB-6478-4E22-AEE8-62D95CBDEFD8}.Debug|Any CPU.Build.0 = Debug|Any CPU
		{8EC524FB-6478-4E22-AEE8-62D95CBDEFD8}.Debug|x86.ActiveCfg = Debug|x86
		{8EC524FB-6478-4E22-AEE8-62D95CBDEFD8}.Debug|x86.Build.0 = Debug|x86
		{8EC524FB-6478-4E22-AEE8-62D95CBDEFD8}.Release|Any CPU.ActiveCfg = Release|Any CPU
		{8EC524FB-6478-4E22-AEE8-62D95CBDEFD8}.Release|Any CPU.Build.0 = Release|Any CPU
		{8EC524FB-6478-4E22-AEE8-62D95CBDEFD8}.Release|x86.ActiveCfg = Release|x86
		{8EC524FB-6478-4E22-AEE8-62D95CBDEFD8}.Release|x86.Build.0 = Release|x86
		{800B62BF-C3B6-40BA-BF97-48A7EE3CBDBE}.Debug|Any CPU.ActiveCfg = Debug|Any CPU
		{800B62BF-C3B6-40BA-BF97-48A7EE3CBDBE}.Debug|Any CPU.Build.0 = Debug|Any CPU
		{800B62BF-C3B6-40BA-BF97-48A7EE3CBDBE}.Debug|x86.ActiveCfg = Debug|x86
		{800B62BF-C3B6-40BA-BF97-48A7EE3CBDBE}.Debug|x86.Build.0 = Debug|x86
		{800B62BF-C3B6-40BA-BF97-48A7EE3CBDBE}.Release|Any CPU.ActiveCfg = Release|Any CPU
		{800B62BF-C3B6-40BA-BF97-48A7EE3CBDBE}.Release|Any CPU.Build.0 = Release|Any CPU
		{800B62BF-C3B6-40BA-BF97-48A7EE3CBDBE}.Release|x86.ActiveCfg = Release|x86
		{800B62BF-C3B6-40BA-BF97-48A7EE3CBDBE}.Release|x86.Build.0 = Release|x86
		{714F4432-3D0F-4FEA-B6E8-B2A110427451}.Debug|Any CPU.ActiveCfg = Debug|Any CPU
		{714F4432-3D0F-4FEA-B6E8-B2A110427451}.Debug|Any CPU.Build.0 = Debug|Any CPU
		{714F4432-3D0F-4FEA-B6E8-B2A110427451}.Debug|x86.ActiveCfg = Debug|x86
		{714F4432-3D0F-4FEA-B6E8-B2A110427451}.Debug|x86.Build.0 = Debug|x86
		{714F4432-3D0F-4FEA-B6E8-B2A110427451}.Release|Any CPU.ActiveCfg = Release|Any CPU
		{714F4432-3D0F-4FEA-B6E8-B2A110427451}.Release|Any CPU.Build.0 = Release|Any CPU
		{714F4432-3D0F-4FEA-B6E8-B2A110427451}.Release|x86.ActiveCfg = Release|x86
		{714F4432-3D0F-4FEA-B6E8-B2A110427451}.Release|x86.Build.0 = Release|x86
		{806ADAB7-BC8D-4AB2-8B79-CE0B1EEF0A21}.Debug|Any CPU.ActiveCfg = Debug|Any CPU
		{806ADAB7-BC8D-4AB2-8B79-CE0B1EEF0A21}.Debug|Any CPU.Build.0 = Debug|Any CPU
		{806ADAB7-BC8D-4AB2-8B79-CE0B1EEF0A21}.Debug|x86.ActiveCfg = Debug|x86
		{806ADAB7-BC8D-4AB2-8B79-CE0B1EEF0A21}.Debug|x86.Build.0 = Debug|x86
		{806ADAB7-BC8D-4AB2-8B79-CE0B1EEF0A21}.Release|Any CPU.ActiveCfg = Release|Any CPU
		{806ADAB7-BC8D-4AB2-8B79-CE0B1EEF0A21}.Release|Any CPU.Build.0 = Release|Any CPU
		{806ADAB7-BC8D-4AB2-8B79-CE0B1EEF0A21}.Release|x86.ActiveCfg = Release|x86
		{806ADAB7-BC8D-4AB2-8B79-CE0B1EEF0A21}.Release|x86.Build.0 = Release|x86
		{E853B284-A79B-443F-91C6-7FA57D66F62C}.Debug|Any CPU.ActiveCfg = Debug|Any CPU
		{E853B284-A79B-443F-91C6-7FA57D66F62C}.Debug|Any CPU.Build.0 = Debug|Any CPU
		{E853B284-A79B-443F-91C6-7FA57D66F62C}.Debug|x86.ActiveCfg = Debug|x86
		{E853B284-A79B-443F-91C6-7FA57D66F62C}.Debug|x86.Build.0 = Debug|x86
		{E853B284-A79B-443F-91C6-7FA57D66F62C}.Release|Any CPU.ActiveCfg = Release|Any CPU
		{E853B284-A79B-443F-91C6-7FA57D66F62C}.Release|Any CPU.Build.0 = Release|Any CPU
		{E853B284-A79B-443F-91C6-7FA57D66F62C}.Release|x86.ActiveCfg = Release|x86
		{E853B284-A79B-443F-91C6-7FA57D66F62C}.Release|x86.Build.0 = Release|x86
		{10BDADD7-D8EA-4D19-AD9D-A7678BBB5CD8}.Debug|Any CPU.ActiveCfg = Debug|Any CPU
		{10BDADD7-D8EA-4D19-AD9D-A7678BBB5CD8}.Debug|Any CPU.Build.0 = Debug|Any CPU
		{10BDADD7-D8EA-4D19-AD9D-A7678BBB5CD8}.Debug|x86.ActiveCfg = Debug|x86
		{10BDADD7-D8EA-4D19-AD9D-A7678BBB5CD8}.Debug|x86.Build.0 = Debug|x86
		{10BDADD7-D8EA-4D19-AD9D-A7678BBB5CD8}.Release|Any CPU.ActiveCfg = Release|Any CPU
		{10BDADD7-D8EA-4D19-AD9D-A7678BBB5CD8}.Release|Any CPU.Build.0 = Release|Any CPU
		{10BDADD7-D8EA-4D19-AD9D-A7678BBB5CD8}.Release|x86.ActiveCfg = Release|x86
		{10BDADD7-D8EA-4D19-AD9D-A7678BBB5CD8}.Release|x86.Build.0 = Release|x86
		{B7BA0891-D072-4257-964E-88EB62B87A0C}.Debug|Any CPU.ActiveCfg = Debug|Any CPU
		{B7BA0891-D072-4257-964E-88EB62B87A0C}.Debug|Any CPU.Build.0 = Debug|Any CPU
		{B7BA0891-D072-4257-964E-88EB62B87A0C}.Debug|x86.ActiveCfg = Debug|x86
		{B7BA0891-D072-4257-964E-88EB62B87A0C}.Debug|x86.Build.0 = Debug|x86
		{B7BA0891-D072-4257-964E-88EB62B87A0C}.Release|Any CPU.ActiveCfg = Release|Any CPU
		{B7BA0891-D072-4257-964E-88EB62B87A0C}.Release|Any CPU.Build.0 = Release|Any CPU
		{B7BA0891-D072-4257-964E-88EB62B87A0C}.Release|x86.ActiveCfg = Release|x86
		{B7BA0891-D072-4257-964E-88EB62B87A0C}.Release|x86.Build.0 = Release|x86
		{9E3D1DD3-FDDC-4D1E-8178-9AD87B8E9093}.Debug|Any CPU.ActiveCfg = Debug|Any CPU
		{9E3D1DD3-FDDC-4D1E-8178-9AD87B8E9093}.Debug|Any CPU.Build.0 = Debug|Any CPU
		{9E3D1DD3-FDDC-4D1E-8178-9AD87B8E9093}.Debug|x86.ActiveCfg = Debug|x86
		{9E3D1DD3-FDDC-4D1E-8178-9AD87B8E9093}.Debug|x86.Build.0 = Debug|x86
		{9E3D1DD3-FDDC-4D1E-8178-9AD87B8E9093}.Release|Any CPU.ActiveCfg = Release|Any CPU
		{9E3D1DD3-FDDC-4D1E-8178-9AD87B8E9093}.Release|Any CPU.Build.0 = Release|Any CPU
		{9E3D1DD3-FDDC-4D1E-8178-9AD87B8E9093}.Release|x86.ActiveCfg = Release|x86
		{9E3D1DD3-FDDC-4D1E-8178-9AD87B8E9093}.Release|x86.Build.0 = Release|x86
		{629B66AB-079D-4AF2-B2E7-F8730130FF42}.Debug|Any CPU.ActiveCfg = Debug|Any CPU
		{629B66AB-079D-4AF2-B2E7-F8730130FF42}.Debug|Any CPU.Build.0 = Debug|Any CPU
		{629B66AB-079D-4AF2-B2E7-F8730130FF42}.Debug|x86.ActiveCfg = Debug|x86
		{629B66AB-079D-4AF2-B2E7-F8730130FF42}.Debug|x86.Build.0 = Debug|x86
		{629B66AB-079D-4AF2-B2E7-F8730130FF42}.Release|Any CPU.ActiveCfg = Release|Any CPU
		{629B66AB-079D-4AF2-B2E7-F8730130FF42}.Release|Any CPU.Build.0 = Release|Any CPU
		{629B66AB-079D-4AF2-B2E7-F8730130FF42}.Release|x86.ActiveCfg = Release|x86
		{629B66AB-079D-4AF2-B2E7-F8730130FF42}.Release|x86.Build.0 = Release|x86
		{DC8CD7DA-6651-47A0-B5DC-DB180497DBEF}.Debug|Any CPU.ActiveCfg = Debug|Any CPU
		{DC8CD7DA-6651-47A0-B5DC-DB180497DBEF}.Debug|Any CPU.Build.0 = Debug|Any CPU
		{DC8CD7DA-6651-47A0-B5DC-DB180497DBEF}.Debug|x86.ActiveCfg = Debug|x86
		{DC8CD7DA-6651-47A0-B5DC-DB180497DBEF}.Debug|x86.Build.0 = Debug|x86
		{DC8CD7DA-6651-47A0-B5DC-DB180497DBEF}.Release|Any CPU.ActiveCfg = Release|Any CPU
		{DC8CD7DA-6651-47A0-B5DC-DB180497DBEF}.Release|Any CPU.Build.0 = Release|Any CPU
		{DC8CD7DA-6651-47A0-B5DC-DB180497DBEF}.Release|x86.ActiveCfg = Release|x86
		{DC8CD7DA-6651-47A0-B5DC-DB180497DBEF}.Release|x86.Build.0 = Release|x86
		{DEC37DCD-4051-44E9-B09E-69A3A34EB5DB}.Debug|Any CPU.ActiveCfg = Debug|Any CPU
		{DEC37DCD-4051-44E9-B09E-69A3A34EB5DB}.Debug|Any CPU.Build.0 = Debug|Any CPU
		{DEC37DCD-4051-44E9-B09E-69A3A34EB5DB}.Debug|x86.ActiveCfg = Debug|x86
		{DEC37DCD-4051-44E9-B09E-69A3A34EB5DB}.Debug|x86.Build.0 = Debug|x86
		{DEC37DCD-4051-44E9-B09E-69A3A34EB5DB}.Release|Any CPU.ActiveCfg = Release|Any CPU
		{DEC37DCD-4051-44E9-B09E-69A3A34EB5DB}.Release|Any CPU.Build.0 = Release|Any CPU
		{DEC37DCD-4051-44E9-B09E-69A3A34EB5DB}.Release|x86.ActiveCfg = Release|x86
		{DEC37DCD-4051-44E9-B09E-69A3A34EB5DB}.Release|x86.Build.0 = Release|x86
		{7EF5B386-B2D4-40C3-AD3A-CEDEC81B0076}.Debug|Any CPU.ActiveCfg = Debug|Any CPU
		{7EF5B386-B2D4-40C3-AD3A-CEDEC81B0076}.Debug|Any CPU.Build.0 = Debug|Any CPU
		{7EF5B386-B2D4-40C3-AD3A-CEDEC81B0076}.Debug|x86.ActiveCfg = Debug|Any CPU
		{7EF5B386-B2D4-40C3-AD3A-CEDEC81B0076}.Release|Any CPU.ActiveCfg = Release|Any CPU
		{7EF5B386-B2D4-40C3-AD3A-CEDEC81B0076}.Release|Any CPU.Build.0 = Release|Any CPU
		{7EF5B386-B2D4-40C3-AD3A-CEDEC81B0076}.Release|x86.ActiveCfg = Release|Any CPU
	EndGlobalSection
	GlobalSection(SolutionProperties) = preSolution
		HideSolutionNode = FALSE
	EndGlobalSection
EndGlobal
